
Microsoft Visual Studio Solution File, Format Version 12.00
# Visual Studio 15
VisualStudioVersion = 15.0.28307.960
MinimumVisualStudioVersion = 10.0.40219.1
Project("{8BC9CEB8-8B4A-11D0-8D11-00A0C91BC942}") = "macrorecorder", "macrorecorder.vcxproj", "{4C270B00-3734-436A-AEDB-60DAE7086501}"
EndProject
Project("{8BC9CEB8-8B4A-11D0-8D11-00A0C91BC942}") = "mrCommonLib", "mrCommonLib\mrCommonLib.vcxproj", "{C6809261-8093-4684-8324-6B8EA4A901DA}"
EndProject
Project("{2150E333-8FDC-42A3-9474-1A3956D46DE8}") = "Tests", "Tests", "{87800D2B-F333-4AE3-8CD4-B0FA82AF064A}"
EndProject
Global
	GlobalSection(SolutionConfigurationPlatforms) = preSolution
		Debug|x64 = Debug|x64
		Debug|x86 = Debug|x86
		Release|x64 = Release|x64
		Release|x86 = Release|x86
	EndGlobalSection
	GlobalSection(ProjectConfigurationPlatforms) = postSolution
		{4C270B00-3734-436A-AEDB-60DAE7086501}.Debug|x64.ActiveCfg = Debug|x64
		{4C270B00-3734-436A-AEDB-60DAE7086501}.Debug|x64.Build.0 = Debug|x64
		{4C270B00-3734-436A-AEDB-60DAE7086501}.Debug|x86.ActiveCfg = Debug|Win32
		{4C270B00-3734-436A-AEDB-60DAE7086501}.Debug|x86.Build.0 = Debug|Win32
		{4C270B00-3734-436A-AEDB-60DAE7086501}.Release|x64.ActiveCfg = Release|x64
		{4C270B00-3734-436A-AEDB-60DAE7086501}.Release|x64.Build.0 = Release|x64
		{4C270B00-3734-436A-AEDB-60DAE7086501}.Release|x86.ActiveCfg = Release|Win32
		{4C270B00-3734-436A-AEDB-60DAE7086501}.Release|x86.Build.0 = Release|Win32
		{C6809261-8093-4684-8324-6B8EA4A901DA}.Debug|x64.ActiveCfg = Debug|x64
		{C6809261-8093-4684-8324-6B8EA4A901DA}.Debug|x64.Build.0 = Debug|x64
		{C6809261-8093-4684-8324-6B8EA4A901DA}.Debug|x86.ActiveCfg = Debug|Win32
		{C6809261-8093-4684-8324-6B8EA4A901DA}.Debug|x86.Build.0 = Debug|Win32
		{C6809261-8093-4684-8324-6B8EA4A901DA}.Release|x64.ActiveCfg = Release|x64
		{C6809261-8093-4684-8324-6B8EA4A901DA}.Release|x64.Build.0 = Release|x64
		{C6809261-8093-4684-8324-6B8EA4A901DA}.Release|x86.ActiveCfg = Release|Win32
		{C6809261-8093-4684-8324-6B8EA4A901DA}.Release|x86.Build.0 = Release|Win32
	EndGlobalSection
	GlobalSection(SolutionProperties) = preSolution
		HideSolutionNode = FALSE
	EndGlobalSection
	GlobalSection(ExtensibilityGlobals) = postSolution
		SolutionGuid = {F7416394-9DB6-4277-AA3D-76D673A37FB2}
	EndGlobalSection
EndGlobal
