<?xml version="1.0" encoding="utf-8"?>
<Project ToolsVersion="4.0" xmlns="http://schemas.microsoft.com/developer/msbuild/2003">
  <ItemGroup>
    <Filter Include="Source Files">
      <UniqueIdentifier>{4FC737F1-C7A5-4376-A066-2A32D752A2FF}</UniqueIdentifier>
      <Extensions>cpp;c;cc;cxx;def;odl;idl;hpj;bat;asm;asmx</Extensions>
    </Filter>
    <Filter Include="Header Files">
      <UniqueIdentifier>{93995380-89BD-4b04-88EB-625FBE52EBFB}</UniqueIdentifier>
      <Extensions>h;hh;hpp;hxx;hm;inl;inc;ipp;xsd</Extensions>
    </Filter>
    <Filter Include="Resource Files">
      <UniqueIdentifier>{67DA6AB6-F800-4c08-8B7A-83BB121AAD01}</UniqueIdentifier>
      <Extensions>rc;ico;cur;bmp;dlg;rc2;rct;bin;rgs;gif;jpg;jpeg;jpe;resx;tiff;tif;png;wav;mfcribbon-ms</Extensions>
    </Filter>
    <Filter Include="desktop">
      <UniqueIdentifier>{84a5f310-fc01-4cc5-b28e-5652e2309629}</UniqueIdentifier>
    </Filter>
    <Filter Include="desktop\win">
      <UniqueIdentifier>{de5a8ef8-2f99-4344-af51-0506ff6e4558}</UniqueIdentifier>
    </Filter>
    <Filter Include="desktop\x11region">
      <UniqueIdentifier>{eb5570c9-ae82-4580-81fe-7ab16e561826}</UniqueIdentifier>
    </Filter>
    <Filter Include="desktop\differ">
      <UniqueIdentifier>{898046f9-96e2-4b58-8f9f-a5539605d038}</UniqueIdentifier>
    </Filter>
    <Filter Include="desktop\win\dx">
      <UniqueIdentifier>{f9674160-07d0-4557-a89a-3a9351f34fa1}</UniqueIdentifier>
    </Filter>
    <Filter Include="video">
      <UniqueIdentifier>{89420d55-acff-411b-9e43-33f0a469c2da}</UniqueIdentifier>
    </Filter>
    <Filter Include="video\ffmpeg">
      <UniqueIdentifier>{8e8c65e6-f1f8-42d1-92f8-6a0ee9cea274}</UniqueIdentifier>
    </Filter>
    <Filter Include="video\vpx">
      <UniqueIdentifier>{c5593deb-a0c4-4bdf-8a9d-161648e05ced}</UniqueIdentifier>
    </Filter>
  </ItemGroup>
  <ItemGroup>
    <ClInclude Include="framework.h">
      <Filter>Header Files</Filter>
    </ClInclude>
    <ClInclude Include="pch.h">
      <Filter>Header Files</Filter>
    </ClInclude>
    <ClInclude Include="desktop\pixelformat.h">
      <Filter>desktop</Filter>
    </ClInclude>
    <ClInclude Include="desktop\geometry.h">
      <Filter>desktop</Filter>
    </ClInclude>
    <ClInclude Include="desktop\Frame.h">
      <Filter>desktop</Filter>
    </ClInclude>
    <ClInclude Include="desktop\win\FrameDib.h">
      <Filter>desktop\win</Filter>
    </ClInclude>
    <ClInclude Include="desktop\win\Hbitmap.h">
      <Filter>desktop\win</Filter>
    </ClInclude>
    <ClInclude Include="desktop\Color.h">
      <Filter>desktop</Filter>
    </ClInclude>
    <ClInclude Include="desktop\win\BitmapInfo.h">
      <Filter>desktop\win</Filter>
    </ClInclude>
    <ClInclude Include="desktop\ScreenCapturer.h">
      <Filter>desktop</Filter>
    </ClInclude>
    <ClInclude Include="desktop\win\ScreenCapturerGdi.h">
      <Filter>desktop\win</Filter>
    </ClInclude>
    <ClInclude Include="desktop\win\HDC.h">
      <Filter>desktop\win</Filter>
    </ClInclude>
    <ClInclude Include="desktop\region.h">
      <Filter>desktop</Filter>
    </ClInclude>
    <ClInclude Include="desktop\x11region\x11region.h">
      <Filter>desktop\x11region</Filter>
    </ClInclude>
    <ClInclude Include="desktop\win\ScreenUtils.h">
      <Filter>desktop\win</Filter>
    </ClInclude>
    <ClInclude Include="desktop\win\GdiObject.h">
      <Filter>desktop\win</Filter>
    </ClInclude>
    <ClInclude Include="desktop\differ\differ.h">
      <Filter>desktop\differ</Filter>
    </ClInclude>
    <ClInclude Include="desktop\differ\diff_block_16bpp_c.h">
      <Filter>desktop\differ</Filter>
    </ClInclude>
    <ClInclude Include="desktop\differ\diff_block_32bpp_avx2.h">
      <Filter>desktop\differ</Filter>
    </ClInclude>
    <ClInclude Include="desktop\differ\diff_block_32bpp_c.h">
      <Filter>desktop\differ</Filter>
    </ClInclude>
    <ClInclude Include="desktop\differ\diff_block_32bpp_sse2.h">
      <Filter>desktop\differ</Filter>
    </ClInclude>
    <ClInclude Include="desktop\differ\diff_block_32bpp_sse3.h">
      <Filter>desktop\differ</Filter>
    </ClInclude>
    <ClInclude Include="desktop\win\DesktopEnvironment.h">
      <Filter>desktop\win</Filter>
    </ClInclude>
    <ClInclude Include="desktop\win\HandleObject.h">
      <Filter>desktop\win</Filter>
    </ClInclude>
    <ClInclude Include="desktop\win\Impersonator.h">
      <Filter>desktop\win</Filter>
    </ClInclude>
    <ClInclude Include="desktop\win\DisplayConfigurationMonitor.h">
      <Filter>desktop\win</Filter>
    </ClInclude>
    <ClInclude Include="desktop\win\dx\D3dDevice.h">
      <Filter>desktop\win\dx</Filter>
    </ClInclude>
    <ClInclude Include="desktop\BaseFrame.h">
      <Filter>desktop</Filter>
    </ClInclude>
    <ClInclude Include="desktop\DataFrame.h">
      <Filter>desktop</Filter>
    </ClInclude>
    <ClInclude Include="desktop\frame_rotation.h">
      <Filter>desktop</Filter>
    </ClInclude>
    <ClInclude Include="mrCommonLib_lib.h">
      <Filter>Header Files</Filter>
    </ClInclude>
    <ClInclude Include="video\VideoEncoder.h">
      <Filter>video</Filter>
    </ClInclude>
    <ClInclude Include="desktop\win\dx\DxgiAdapterDuplicator.h">
      <Filter>desktop\win\dx</Filter>
    </ClInclude>
    <ClInclude Include="desktop\win\dx\DxgiContext.h">
      <Filter>desktop\win\dx</Filter>
    </ClInclude>
    <ClInclude Include="desktop\win\dx\DxgiDuplicatorController.h">
      <Filter>desktop\win\dx</Filter>
    </ClInclude>
    <ClInclude Include="desktop\win\dx\DxgiFrame.h">
      <Filter>desktop\win\dx</Filter>
    </ClInclude>
    <ClInclude Include="desktop\win\dx\DxgiOutputDuplicator.h">
      <Filter>desktop\win\dx</Filter>
    </ClInclude>
    <ClInclude Include="desktop\win\dx\DxgiTexture.h">
      <Filter>desktop\win\dx</Filter>
    </ClInclude>
    <ClInclude Include="desktop\win\dx\DxgiTextureMapping.h">
      <Filter>desktop\win\dx</Filter>
    </ClInclude>
    <ClInclude Include="desktop\win\dx\DxgiTextureStaging.h">
      <Filter>desktop\win\dx</Filter>
    </ClInclude>
    <ClInclude Include="desktop\win\dx\ScreenCapturerDxgi.h">
      <Filter>desktop\win\dx</Filter>
    </ClInclude>
    <ClInclude Include="VideoDecoder.h">
      <Filter>video</Filter>
    </ClInclude>
    <ClInclude Include="video\ffmpeg\FFmpegException.h">
      <Filter>video\ffmpeg</Filter>
    </ClInclude>
    <ClInclude Include="video\ffmpeg\FFmpeg.h">
      <Filter>video\ffmpeg</Filter>
    </ClInclude>
    <ClInclude Include="video\ffmpeg\FFmpegLib.h">
      <Filter>video\ffmpeg</Filter>
    </ClInclude>
    <ClInclude Include="video\ffmpeg\Encoder.h">
      <Filter>video\ffmpeg</Filter>
    </ClInclude>
    <ClInclude Include="video\ffmpeg\BaseCodec.h">
      <Filter>video\ffmpeg</Filter>
    </ClInclude>
    <ClInclude Include="video\ffmpeg\ffmpegUtils.h">
      <Filter>video\ffmpeg</Filter>
    </ClInclude>
    <ClInclude Include="video\ffmpeg\FFmpegVideoEncoder.h">
      <Filter>video\ffmpeg</Filter>
    </ClInclude>
    <ClInclude Include="video\PixelTranslator.h">
      <Filter>video</Filter>
    </ClInclude>
    <ClInclude Include="video\vpx\VideoEncoderVpx.h">
      <Filter>video\vpx</Filter>
    </ClInclude>
    <ClInclude Include="video\vpx\VPXException.h">
      <Filter>video\vpx</Filter>
    </ClInclude>
    <ClInclude Include="video\vpx\vpx.h">
      <Filter>video\vpx</Filter>
    </ClInclude>
    <ClInclude Include="video\vpx\vpx_codec.h">
      <Filter>video\vpx</Filter>
    </ClInclude>
    <ClInclude Include="video\VideoUtil.h">
      <Filter>video</Filter>
    </ClInclude>
    <ClInclude Include="video\BaseVideoEncoder.h">
      <Filter>video</Filter>
    </ClInclude>
  </ItemGroup>
  <ItemGroup>
    <ClCompile Include="mrCommonLib.cpp">
      <Filter>Source Files</Filter>
    </ClCompile>
    <ClCompile Include="pch.cpp">
      <Filter>Source Files</Filter>
    </ClCompile>
    <ClCompile Include="desktop\pixelformat.cpp">
      <Filter>desktop</Filter>
    </ClCompile>
    <ClCompile Include="desktop\geometry.cpp">
      <Filter>desktop</Filter>
    </ClCompile>
    <ClCompile Include="desktop\Color.cpp">
      <Filter>desktop</Filter>
    </ClCompile>
    <ClCompile Include="desktop\win\Hbitmap.cpp">
      <Filter>desktop\win</Filter>
    </ClCompile>
    <ClCompile Include="desktop\win\FrameDib.cpp">
      <Filter>desktop\win</Filter>
    </ClCompile>
    <ClCompile Include="desktop\win\ScreenCapturerGdi.cpp">
      <Filter>desktop\win</Filter>
    </ClCompile>
    <ClCompile Include="desktop\region.cpp">
      <Filter>desktop</Filter>
    </ClCompile>
    <ClCompile Include="desktop\x11region\x11region.c">
      <Filter>desktop\x11region</Filter>
    </ClCompile>
    <ClCompile Include="desktop\win\HDC.cpp">
      <Filter>desktop\win</Filter>
    </ClCompile>
    <ClCompile Include="desktop\win\ScreenUtils.cpp">
      <Filter>desktop\win</Filter>
    </ClCompile>
    <ClCompile Include="desktop\differ\differ.cpp">
      <Filter>desktop\differ</Filter>
    </ClCompile>
    <ClCompile Include="desktop\differ\diff_block_16bpp_c.cpp">
      <Filter>desktop\differ</Filter>
    </ClCompile>
    <ClCompile Include="desktop\differ\diff_block_32bpp_avx2.cpp">
      <Filter>desktop\differ</Filter>
    </ClCompile>
    <ClCompile Include="desktop\differ\diff_block_32bpp_c.cpp">
      <Filter>desktop\differ</Filter>
    </ClCompile>
    <ClCompile Include="desktop\differ\diff_block_32bpp_sse2.cpp">
      <Filter>desktop\differ</Filter>
    </ClCompile>
    <ClCompile Include="desktop\differ\diff_block_32bpp_sse3.cpp">
      <Filter>desktop\differ</Filter>
    </ClCompile>
    <ClCompile Include="desktop\win\DesktopEnvironment.cpp">
      <Filter>desktop\win</Filter>
    </ClCompile>
    <ClCompile Include="desktop\win\Impersonator.cpp">
      <Filter>desktop\win</Filter>
    </ClCompile>
    <ClCompile Include="desktop\win\DisplayConfigurationMonitor.cpp">
      <Filter>desktop\win</Filter>
    </ClCompile>
    <ClCompile Include="desktop\win\dx\D3dDevice.cpp">
      <Filter>desktop\win\dx</Filter>
    </ClCompile>
    <ClCompile Include="desktop\DataFrame.cpp">
      <Filter>desktop</Filter>
    </ClCompile>
    <ClCompile Include="desktop\frame_rotation.cpp">
      <Filter>desktop</Filter>
    </ClCompile>
    <ClCompile Include="desktop\Frame.cpp">
      <Filter>desktop</Filter>
    </ClCompile>
    <ClCompile Include="desktop\win\dx\DxgiAdapterDuplicator.cpp">
      <Filter>desktop\win\dx</Filter>
    </ClCompile>
    <ClCompile Include="desktop\win\dx\DxgiContext.cpp">
      <Filter>desktop\win\dx</Filter>
    </ClCompile>
    <ClCompile Include="desktop\win\dx\DxgiDuplicatorController.cpp">
      <Filter>desktop\win\dx</Filter>
    </ClCompile>
    <ClCompile Include="desktop\win\dx\DxgiFrame.cpp">
      <Filter>desktop\win\dx</Filter>
    </ClCompile>
    <ClCompile Include="desktop\win\dx\DxgiOutputDuplicator.cpp">
      <Filter>desktop\win\dx</Filter>
    </ClCompile>
    <ClCompile Include="desktop\win\dx\DxgiTexture.cpp">
      <Filter>desktop\win\dx</Filter>
    </ClCompile>
    <ClCompile Include="desktop\win\dx\DxgiTextureMapping.cpp">
      <Filter>desktop\win\dx</Filter>
    </ClCompile>
    <ClCompile Include="desktop\win\dx\DxgiTextureStaging.cpp">
      <Filter>desktop\win\dx</Filter>
    </ClCompile>
    <ClCompile Include="desktop\win\dx\ScreenCapturerDxgi.cpp">
      <Filter>desktop\win\dx</Filter>
    </ClCompile>
    <ClCompile Include="video\ffmpeg\FFmpegException.cpp">
      <Filter>video\ffmpeg</Filter>
    </ClCompile>
    <ClCompile Include="video\ffmpeg\Encoder.cpp">
      <Filter>video\ffmpeg</Filter>
    </ClCompile>
    <ClCompile Include="video\ffmpeg\BaseCodec.cpp">
      <Filter>video\ffmpeg</Filter>
    </ClCompile>
    <ClCompile Include="video\ffmpeg\ffmpegUtils.cpp">
      <Filter>video\ffmpeg</Filter>
    </ClCompile>
    <ClCompile Include="video\ffmpeg\FFmpegVideoEncoder.cpp">
      <Filter>video\ffmpeg</Filter>
    </ClCompile>
    <ClCompile Include="video\VideoEncoder.cpp">
      <Filter>video</Filter>
    </ClCompile>
    <ClCompile Include="video\PixelTranslator.cpp">
      <Filter>video</Filter>
    </ClCompile>
    <ClCompile Include="video\vpx\VideoEncoderVpx.cpp">
      <Filter>video\vpx</Filter>
    </ClCompile>
    <ClCompile Include="video\vpx\VPXException.cpp">
      <Filter>video\vpx</Filter>
    </ClCompile>
    <ClCompile Include="video\vpx\vpx_codec.cpp">
      <Filter>video\vpx</Filter>
    </ClCompile>
    <ClCompile Include="video\VideoUtil.cpp">
      <Filter>video</Filter>
    </ClCompile>
    <ClCompile Include="video\BaseVideoEncoder.cpp">
      <Filter>video</Filter>
    </ClCompile>
  </ItemGroup>
</Project>